
Microsoft Visual Studio Solution File, Format Version 12.00
# Visual Studio Version 17
VisualStudioVersion = 17.0.32112.339
MinimumVisualStudioVersion = 10.0.40219.1
Project("{FAE04EC0-301F-11D3-BF4B-00C04F79EFBC}") = "LabDeRepaso1(Parcial2)", "LabDeRepaso1(Parcial2).csproj", "{5A223E2E-C891-4067-A190-7F914D43E666}"
EndProject
Global
	GlobalSection(SolutionConfigurationPlatforms) = preSolution
		Debug|Any CPU = Debug|Any CPU
		Release|Any CPU = Release|Any CPU
	EndGlobalSection
	GlobalSection(ProjectConfigurationPlatforms) = postSolution
		{5A223E2E-C891-4067-A190-7F914D43E666}.Debug|Any CPU.ActiveCfg = Debug|Any CPU
		{5A223E2E-C891-4067-A190-7F914D43E666}.Debug|Any CPU.Build.0 = Debug|Any CPU
		{5A223E2E-C891-4067-A190-7F914D43E666}.Release|Any CPU.ActiveCfg = Release|Any CPU
		{5A223E2E-C891-4067-A190-7F914D43E666}.Release|Any CPU.Build.0 = Release|Any CPU
	EndGlobalSection
	GlobalSection(SolutionProperties) = preSolution
		HideSolutionNode = FALSE
	EndGlobalSection
	GlobalSection(ExtensibilityGlobals) = postSolution
		SolutionGuid = {5B9DB6F0-9397-4A7E-8881-72401A687209}
	EndGlobalSection
EndGlobal
